
Microsoft Visual Studio Solution File, Format Version 12.00
# Visual Studio Version 16
VisualStudioVersion = 16.0.810.25
MinimumVisualStudioVersion = 10.0.40219.1
Project("{FAE04EC0-301F-11D3-BF4B-00C04F79EFBC}") = "droidtest97", "droidtest97\droidtest97.csproj", "{73C59810-E4BB-44FA-A122-615D578DB449}"
EndProject
Project("{FAE04EC0-301F-11D3-BF4B-00C04F79EFBC}") = "local", "local\local.csproj", "{55169038-D111-4385-ACAB-6277B74EBE8C}"
EndProject
Project("{FAE04EC0-301F-11D3-BF4B-00C04F79EFBC}") = "VideoTrimmer", "VideoTrimmer\VideoTrimmer.csproj", "{B8371DA7-AEE1-44D2-85FF-13EF73CB6E7F}"
EndProject
Global
	GlobalSection(SolutionConfigurationPlatforms) = preSolution
		Debug|Any CPU = Debug|Any CPU
		Release|Any CPU = Release|Any CPU
	EndGlobalSection
	GlobalSection(ProjectConfigurationPlatforms) = postSolution
		{73C59810-E4BB-44FA-A122-615D578DB449}.Debug|Any CPU.ActiveCfg = Debug|Any CPU
		{73C59810-E4BB-44FA-A122-615D578DB449}.Debug|Any CPU.Build.0 = Debug|Any CPU
		{73C59810-E4BB-44FA-A122-615D578DB449}.Release|Any CPU.ActiveCfg = Release|Any CPU
		{73C59810-E4BB-44FA-A122-615D578DB449}.Release|Any CPU.Build.0 = Release|Any CPU
		{55169038-D111-4385-ACAB-6277B74EBE8C}.Debug|Any CPU.ActiveCfg = Debug|Any CPU
		{55169038-D111-4385-ACAB-6277B74EBE8C}.Debug|Any CPU.Build.0 = Debug|Any CPU
		{55169038-D111-4385-ACAB-6277B74EBE8C}.Release|Any CPU.ActiveCfg = Release|Any CPU
		{55169038-D111-4385-ACAB-6277B74EBE8C}.Release|Any CPU.Build.0 = Release|Any CPU
		{B8371DA7-AEE1-44D2-85FF-13EF73CB6E7F}.Debug|Any CPU.ActiveCfg = Debug|Any CPU
		{B8371DA7-AEE1-44D2-85FF-13EF73CB6E7F}.Debug|Any CPU.Build.0 = Debug|Any CPU
		{B8371DA7-AEE1-44D2-85FF-13EF73CB6E7F}.Release|Any CPU.ActiveCfg = Release|Any CPU
		{B8371DA7-AEE1-44D2-85FF-13EF73CB6E7F}.Release|Any CPU.Build.0 = Release|Any CPU
	EndGlobalSection
	GlobalSection(SolutionProperties) = preSolution
		HideSolutionNode = FALSE
	EndGlobalSection
	GlobalSection(ExtensibilityGlobals) = postSolution
		SolutionGuid = {3E20374F-6B20-4B61-85B7-C103F6C44047}
	EndGlobalSection
EndGlobal
